
Microsoft Visual Studio Solution File, Format Version 12.00
# Visual Studio Version 17
VisualStudioVersion = 17.0.32112.339
MinimumVisualStudioVersion = 10.0.40219.1
Project("{FAE04EC0-301F-11D3-BF4B-00C04F79EFBC}") = "Capgemini2_Desafio3", "Capgemini2_Desafio3\Capgemini2_Desafio3.csproj", "{FAA9F1A6-98C0-4AC9-BB59-77E745D10093}"
EndProject
Global
	GlobalSection(SolutionConfigurationPlatforms) = preSolution
		Debug|Any CPU = Debug|Any CPU
		Release|Any CPU = Release|Any CPU
	EndGlobalSection
	GlobalSection(ProjectConfigurationPlatforms) = postSolution
		{FAA9F1A6-98C0-4AC9-BB59-77E745D10093}.Debug|Any CPU.ActiveCfg = Debug|Any CPU
		{FAA9F1A6-98C0-4AC9-BB59-77E745D10093}.Debug|Any CPU.Build.0 = Debug|Any CPU
		{FAA9F1A6-98C0-4AC9-BB59-77E745D10093}.Release|Any CPU.ActiveCfg = Release|Any CPU
		{FAA9F1A6-98C0-4AC9-BB59-77E745D10093}.Release|Any CPU.Build.0 = Release|Any CPU
	EndGlobalSection
	GlobalSection(SolutionProperties) = preSolution
		HideSolutionNode = FALSE
	EndGlobalSection
	GlobalSection(ExtensibilityGlobals) = postSolution
		SolutionGuid = {83FAA521-4D0D-49DB-B160-8E30C7392B29}
	EndGlobalSection
EndGlobal
